
Microsoft Visual Studio Solution File, Format Version 12.00
# Visual Studio Version 17
VisualStudioVersion = 17.0.31903.59
MinimumVisualStudioVersion = 10.0.40219.1
Project("{2150E333-8FDC-42A3-9474-1A3956D46DE8}") = "src", "src", "{827E0CD3-B72D-47B6-A68D-7590B98EB39B}"
EndProject
Project("{FAE04EC0-301F-11D3-BF4B-00C04F79EFBC}") = "Domain", "src\Domain\Domain.csproj", "{AEB78BCD-9D1B-4577-A13A-58EF4D0A081D}"
EndProject
Project("{FAE04EC0-301F-11D3-BF4B-00C04F79EFBC}") = "Application", "src\Application\Application.csproj", "{1564A833-D921-4050-8BB1-6E1969665F5F}"
EndProject
Project("{FAE04EC0-301F-11D3-BF4B-00C04F79EFBC}") = "Infrastructure", "src\Infrastructure\Infrastructure.csproj", "{0A9BEA52-5B2B-4E9E-BB10-5684E3B87603}"
EndProject
Project("{FAE04EC0-301F-11D3-BF4B-00C04F79EFBC}") = "Api", "src\Api\Api.csproj", "{C331D7E2-61B6-4DCA-AAB0-27C936AB4653}"
EndProject
Global
	GlobalSection(SolutionConfigurationPlatforms) = preSolution
		Debug|Any CPU = Debug|Any CPU
		Debug|x64 = Debug|x64
		Debug|x86 = Debug|x86
		Release|Any CPU = Release|Any CPU
		Release|x64 = Release|x64
		Release|x86 = Release|x86
	EndGlobalSection
	GlobalSection(ProjectConfigurationPlatforms) = postSolution
		{AEB78BCD-9D1B-4577-A13A-58EF4D0A081D}.Debug|Any CPU.ActiveCfg = Debug|Any CPU
		{AEB78BCD-9D1B-4577-A13A-58EF4D0A081D}.Debug|Any CPU.Build.0 = Debug|Any CPU
		{AEB78BCD-9D1B-4577-A13A-58EF4D0A081D}.Debug|x64.ActiveCfg = Debug|Any CPU
		{AEB78BCD-9D1B-4577-A13A-58EF4D0A081D}.Debug|x64.Build.0 = Debug|Any CPU
		{AEB78BCD-9D1B-4577-A13A-58EF4D0A081D}.Debug|x86.ActiveCfg = Debug|Any CPU
		{AEB78BCD-9D1B-4577-A13A-58EF4D0A081D}.Debug|x86.Build.0 = Debug|Any CPU
		{AEB78BCD-9D1B-4577-A13A-58EF4D0A081D}.Release|Any CPU.ActiveCfg = Release|Any CPU
		{AEB78BCD-9D1B-4577-A13A-58EF4D0A081D}.Release|Any CPU.Build.0 = Release|Any CPU
		{AEB78BCD-9D1B-4577-A13A-58EF4D0A081D}.Release|x64.ActiveCfg = Release|Any CPU
		{AEB78BCD-9D1B-4577-A13A-58EF4D0A081D}.Release|x64.Build.0 = Release|Any CPU
		{AEB78BCD-9D1B-4577-A13A-58EF4D0A081D}.Release|x86.ActiveCfg = Release|Any CPU
		{AEB78BCD-9D1B-4577-A13A-58EF4D0A081D}.Release|x86.Build.0 = Release|Any CPU
		{1564A833-D921-4050-8BB1-6E1969665F5F}.Debug|Any CPU.ActiveCfg = Debug|Any CPU
		{1564A833-D921-4050-8BB1-6E1969665F5F}.Debug|Any CPU.Build.0 = Debug|Any CPU
		{1564A833-D921-4050-8BB1-6E1969665F5F}.Debug|x64.ActiveCfg = Debug|Any CPU
		{1564A833-D921-4050-8BB1-6E1969665F5F}.Debug|x64.Build.0 = Debug|Any CPU
		{1564A833-D921-4050-8BB1-6E1969665F5F}.Debug|x86.ActiveCfg = Debug|Any CPU
		{1564A833-D921-4050-8BB1-6E1969665F5F}.Debug|x86.Build.0 = Debug|Any CPU
		{1564A833-D921-4050-8BB1-6E1969665F5F}.Release|Any CPU.ActiveCfg = Release|Any CPU
		{1564A833-D921-4050-8BB1-6E1969665F5F}.Release|Any CPU.Build.0 = Release|Any CPU
		{1564A833-D921-4050-8BB1-6E1969665F5F}.Release|x64.ActiveCfg = Release|Any CPU
		{1564A833-D921-4050-8BB1-6E1969665F5F}.Release|x64.Build.0 = Release|Any CPU
		{1564A833-D921-4050-8BB1-6E1969665F5F}.Release|x86.ActiveCfg = Release|Any CPU
		{1564A833-D921-4050-8BB1-6E1969665F5F}.Release|x86.Build.0 = Release|Any CPU
		{0A9BEA52-5B2B-4E9E-BB10-5684E3B87603}.Debug|Any CPU.ActiveCfg = Debug|Any CPU
		{0A9BEA52-5B2B-4E9E-BB10-5684E3B87603}.Debug|Any CPU.Build.0 = Debug|Any CPU
		{0A9BEA52-5B2B-4E9E-BB10-5684E3B87603}.Debug|x64.ActiveCfg = Debug|Any CPU
		{0A9BEA52-5B2B-4E9E-BB10-5684E3B87603}.Debug|x64.Build.0 = Debug|Any CPU
		{0A9BEA52-5B2B-4E9E-BB10-5684E3B87603}.Debug|x86.ActiveCfg = Debug|Any CPU
		{0A9BEA52-5B2B-4E9E-BB10-5684E3B87603}.Debug|x86.Build.0 = Debug|Any CPU
		{0A9BEA52-5B2B-4E9E-BB10-5684E3B87603}.Release|Any CPU.ActiveCfg = Release|Any CPU
		{0A9BEA52-5B2B-4E9E-BB10-5684E3B87603}.Release|Any CPU.Build.0 = Release|Any CPU
		{0A9BEA52-5B2B-4E9E-BB10-5684E3B87603}.Release|x64.ActiveCfg = Release|Any CPU
		{0A9BEA52-5B2B-4E9E-BB10-5684E3B87603}.Release|x64.Build.0 = Release|Any CPU
		{0A9BEA52-5B2B-4E9E-BB10-5684E3B87603}.Release|x86.ActiveCfg = Release|Any CPU
		{0A9BEA52-5B2B-4E9E-BB10-5684E3B87603}.Release|x86.Build.0 = Release|Any CPU
		{C331D7E2-61B6-4DCA-AAB0-27C936AB4653}.Debug|Any CPU.ActiveCfg = Debug|Any CPU
		{C331D7E2-61B6-4DCA-AAB0-27C936AB4653}.Debug|Any CPU.Build.0 = Debug|Any CPU
		{C331D7E2-61B6-4DCA-AAB0-27C936AB4653}.Debug|x64.ActiveCfg = Debug|Any CPU
		{C331D7E2-61B6-4DCA-AAB0-27C936AB4653}.Debug|x64.Build.0 = Debug|Any CPU
		{C331D7E2-61B6-4DCA-AAB0-27C936AB4653}.Debug|x86.ActiveCfg = Debug|Any CPU
		{C331D7E2-61B6-4DCA-AAB0-27C936AB4653}.Debug|x86.Build.0 = Debug|Any CPU
		{C331D7E2-61B6-4DCA-AAB0-27C936AB4653}.Release|Any CPU.ActiveCfg = Release|Any CPU
		{C331D7E2-61B6-4DCA-AAB0-27C936AB4653}.Release|Any CPU.Build.0 = Release|Any CPU
		{C331D7E2-61B6-4DCA-AAB0-27C936AB4653}.Release|x64.ActiveCfg = Release|Any CPU
		{C331D7E2-61B6-4DCA-AAB0-27C936AB4653}.Release|x64.Build.0 = Release|Any CPU
		{C331D7E2-61B6-4DCA-AAB0-27C936AB4653}.Release|x86.ActiveCfg = Release|Any CPU
		{C331D7E2-61B6-4DCA-AAB0-27C936AB4653}.Release|x86.Build.0 = Release|Any CPU
	EndGlobalSection
	GlobalSection(SolutionProperties) = preSolution
		HideSolutionNode = FALSE
	EndGlobalSection
	GlobalSection(NestedProjects) = preSolution
		{AEB78BCD-9D1B-4577-A13A-58EF4D0A081D} = {827E0CD3-B72D-47B6-A68D-7590B98EB39B}
		{1564A833-D921-4050-8BB1-6E1969665F5F} = {827E0CD3-B72D-47B6-A68D-7590B98EB39B}
		{0A9BEA52-5B2B-4E9E-BB10-5684E3B87603} = {827E0CD3-B72D-47B6-A68D-7590B98EB39B}
		{C331D7E2-61B6-4DCA-AAB0-27C936AB4653} = {827E0CD3-B72D-47B6-A68D-7590B98EB39B}
	EndGlobalSection
EndGlobal
